<?xml version="1.0" encoding="utf-8"?>
<Project ToolsVersion="4.0" xmlns="http://schemas.microsoft.com/developer/msbuild/2003">
  <ItemGroup>
    <Filter Include="Source Files">
      <UniqueIdentifier>{4FC737F1-C7A5-4376-A066-2A32D752A2FF}</UniqueIdentifier>
      <Extensions>cpp;c;cc;cxx;c++;cppm;ixx;def;odl;idl;hpj;bat;asm;asmx</Extensions>
    </Filter>
    <Filter Include="Header Files">
      <UniqueIdentifier>{93995380-89BD-4b04-88EB-625FBE52EBFB}</UniqueIdentifier>
      <Extensions>h;hh;hpp;hxx;h++;hm;inl;inc;ipp;xsd</Extensions>
    </Filter>
    <Filter Include="Resource Files">
      <UniqueIdentifier>{67DA6AB6-F800-4c08-8B7A-83BB121AAD01}</UniqueIdentifier>
      <Extensions>rc;ico;cur;bmp;dlg;rc2;rct;bin;rgs;gif;jpg;jpeg;jpe;resx;tiff;tif;png;wav;mfcribbon-ms</Extensions>
    </Filter>
    <Filter Include="Header Files\Page1-10">
      <UniqueIdentifier>{4943a691-e60d-4cf8-8868-a81f5cd2b1a6}</UniqueIdentifier>
    </Filter>
    <Filter Include="Source Files\Page1-10">
      <UniqueIdentifier>{9f3a86d0-ee74-4531-970c-0462d54f50fa}</UniqueIdentifier>
    </Filter>
  </ItemGroup>
  <ItemGroup>
    <ClInclude Include="Menu.h">
      <Filter>Header Files</Filter>
    </ClInclude>
    <ClInclude Include="Constants.h">
      <Filter>Header Files</Filter>
    </ClInclude>
    <ClInclude Include="Page11.h">
      <Filter>Header Files</Filter>
    </ClInclude>
    <ClInclude Include="Page12.h">
      <Filter>Header Files</Filter>
    </ClInclude>
    <ClInclude Include="Page13.h">
      <Filter>Header Files</Filter>
    </ClInclude>
    <ClInclude Include="Page14.h">
      <Filter>Header Files</Filter>
    </ClInclude>
    <ClInclude Include="io.h">
      <Filter>Header Files</Filter>
    </ClInclude>
    <ClInclude Include="Page1.h">
      <Filter>Header Files\Page1-10</Filter>
    </ClInclude>
    <ClInclude Include="Page2.h">
      <Filter>Header Files\Page1-10</Filter>
    </ClInclude>
    <ClInclude Include="Page3.h">
      <Filter>Header Files\Page1-10</Filter>
    </ClInclude>
    <ClInclude Include="Page4.h">
      <Filter>Header Files\Page1-10</Filter>
    </ClInclude>
    <ClInclude Include="Page5.h">
      <Filter>Header Files\Page1-10</Filter>
    </ClInclude>
    <ClInclude Include="Page6.h">
      <Filter>Header Files\Page1-10</Filter>
    </ClInclude>
    <ClInclude Include="Page7.h">
      <Filter>Header Files\Page1-10</Filter>
    </ClInclude>
    <ClInclude Include="Page8.h">
      <Filter>Header Files\Page1-10</Filter>
    </ClInclude>
    <ClInclude Include="Page9.h">
      <Filter>Header Files\Page1-10</Filter>
    </ClInclude>
    <ClInclude Include="Page10.h">
      <Filter>Header Files\Page1-10</Filter>
    </ClInclude>
  </ItemGroup>
  <ItemGroup>
    <ClCompile Include="Menu.cpp">
      <Filter>Source Files</Filter>
    </ClCompile>
    <ClCompile Include="Main.cpp">
      <Filter>Source Files</Filter>
    </ClCompile>
    <ClCompile Include="Page11.cpp">
      <Filter>Source Files</Filter>
    </ClCompile>
    <ClCompile Include="Page12.cpp">
      <Filter>Source Files</Filter>
    </ClCompile>
    <ClCompile Include="Page13.cpp">
      <Filter>Source Files</Filter>
    </ClCompile>
    <ClCompile Include="Page14.cpp">
      <Filter>Source Files</Filter>
    </ClCompile>
    <ClCompile Include="io.cpp">
      <Filter>Source Files</Filter>
    </ClCompile>
    <ClCompile Include="Page1.cpp">
      <Filter>Source Files\Page1-10</Filter>
    </ClCompile>
    <ClCompile Include="Page2.cpp">
      <Filter>Source Files\Page1-10</Filter>
    </ClCompile>
    <ClCompile Include="Page3.cpp">
      <Filter>Source Files\Page1-10</Filter>
    </ClCompile>
    <ClCompile Include="Page4.cpp">
      <Filter>Source Files\Page1-10</Filter>
    </ClCompile>
    <ClCompile Include="Page5.cpp">
      <Filter>Source Files\Page1-10</Filter>
    </ClCompile>
    <ClCompile Include="Page6.cpp">
      <Filter>Source Files\Page1-10</Filter>
    </ClCompile>
    <ClCompile Include="Page7.cpp">
      <Filter>Source Files\Page1-10</Filter>
    </ClCompile>
    <ClCompile Include="Page8.cpp">
      <Filter>Source Files\Page1-10</Filter>
    </ClCompile>
    <ClCompile Include="Page9.cpp">
      <Filter>Source Files\Page1-10</Filter>
    </ClCompile>
    <ClCompile Include="Page10.cpp">
      <Filter>Source Files\Page1-10</Filter>
    </ClCompile>
  </ItemGroup>
  <ItemGroup>
    <None Include="database.py" />
  </ItemGroup>
</Project>